
Microsoft Visual Studio Solution File, Format Version 12.00
# Visual Studio Version 17
VisualStudioVersion = 17.12.35707.178 d17.12
MinimumVisualStudioVersion = 10.0.40219.1
Project("{C9674DCB-5085-4A16-B785-4C70DD1589BD}") = "Grocery_Sales_Employees", "Grocery_Sales_Employees\Grocery_Sales_Employees.dtproj", "{7D0ABD0D-006B-4233-B6A4-10C2ABD77DCD}"
EndProject
Global
	GlobalSection(SolutionConfigurationPlatforms) = preSolution
		Development|Default = Development|Default
	EndGlobalSection
	GlobalSection(ProjectConfigurationPlatforms) = postSolution
		{7D0ABD0D-006B-4233-B6A4-10C2ABD77DCD}.Development|Default.ActiveCfg = Development
		{7D0ABD0D-006B-4233-B6A4-10C2ABD77DCD}.Development|Default.Build.0 = Development
	EndGlobalSection
	GlobalSection(SolutionProperties) = preSolution
		HideSolutionNode = FALSE
	EndGlobalSection
EndGlobal
